
Microsoft Visual Studio Solution File, Format Version 12.00
# Visual Studio Version 17
VisualStudioVersion = 17.13.35931.197 d17.13
MinimumVisualStudioVersion = 10.0.40219.1
Project("{FAE04EC0-301F-11D3-BF4B-00C04F79EFBC}") = "CSE445Assignment6", "CSE445Assignment6\CSE445Assignment6.csproj", "{1BF88285-00B4-4215-B0BF-8D370BDCD809}"
EndProject
Project("{FAE04EC0-301F-11D3-BF4B-00C04F79EFBC}") = "LocalCryptoLib", "..\..\..\Desktop\Assignment5_UnzippedTest\Project5_CSE445_DarshanHari\LocalCryptoLib\LocalCryptoLib\LocalCryptoLib.csproj", "{64817AC3-0FA3-4198-93AC-38DA56047D46}"
EndProject
Global
	GlobalSection(SolutionConfigurationPlatforms) = preSolution
		Debug|Any CPU = Debug|Any CPU
		Release|Any CPU = Release|Any CPU
	EndGlobalSection
	GlobalSection(ProjectConfigurationPlatforms) = postSolution
		{1BF88285-00B4-4215-B0BF-8D370BDCD809}.Debug|Any CPU.ActiveCfg = Debug|Any CPU
		{1BF88285-00B4-4215-B0BF-8D370BDCD809}.Debug|Any CPU.Build.0 = Debug|Any CPU
		{1BF88285-00B4-4215-B0BF-8D370BDCD809}.Release|Any CPU.ActiveCfg = Release|Any CPU
		{1BF88285-00B4-4215-B0BF-8D370BDCD809}.Release|Any CPU.Build.0 = Release|Any CPU
		{64817AC3-0FA3-4198-93AC-38DA56047D46}.Debug|Any CPU.ActiveCfg = Debug|Any CPU
		{64817AC3-0FA3-4198-93AC-38DA56047D46}.Debug|Any CPU.Build.0 = Debug|Any CPU
		{64817AC3-0FA3-4198-93AC-38DA56047D46}.Release|Any CPU.ActiveCfg = Release|Any CPU
		{64817AC3-0FA3-4198-93AC-38DA56047D46}.Release|Any CPU.Build.0 = Release|Any CPU
	EndGlobalSection
	GlobalSection(SolutionProperties) = preSolution
		HideSolutionNode = FALSE
	EndGlobalSection
	GlobalSection(ExtensibilityGlobals) = postSolution
		SolutionGuid = {59065DE7-6E19-45D6-B4E9-C8CE2ABC179C}
	EndGlobalSection
EndGlobal
